
Microsoft Visual Studio Solution File, Format Version 12.00
# Visual Studio Version 17
VisualStudioVersion = 17.12.35209.166
MinimumVisualStudioVersion = 10.0.40219.1
Project("{9A19103F-16F7-4668-BE54-9A1E7A4F7556}") = "Hafner.Compatibility.NullableReferenceTypeAttributes.G1", "Hafner.Compatibility.NullableReferenceTypeAttributes.G1\Hafner.Compatibility.NullableReferenceTypeAttributes.G1.csproj", "{3D2B9DFD-26C5-4DF2-956D-2FC5ACC80F3E}"
EndProject
Project("{2150E333-8FDC-42A3-9474-1A3956D46DE8}") = "Solution Items", "Solution Items", "{63EF12D0-F135-4B40-90CC-895577418309}"
	ProjectSection(SolutionItems) = preProject
		.editorconfig = .editorconfig
		..\LICENSE = ..\LICENSE
		..\README.md = ..\README.md
	EndProjectSection
EndProject
Project("{9A19103F-16F7-4668-BE54-9A1E7A4F7556}") = "Hafner.Compatibility.ConstantExpectedAttribute", "Hafner.Compatibility.ConstantExpectedAttribute\Hafner.Compatibility.ConstantExpectedAttribute.csproj", "{D4D9BE03-E1CA-47AF-B9DB-1BBDEA01C63A}"
EndProject
Project("{9A19103F-16F7-4668-BE54-9A1E7A4F7556}") = "Hafner.Compatibility.NullableReferenceTypeAttributes.G2", "Hafner.Compatibility.NullableReferenceTypeAttributes.G2\Hafner.Compatibility.NullableReferenceTypeAttributes.G2.csproj", "{E5637283-2B36-4380-BDD9-9CA7603774D3}"
EndProject
Project("{9A19103F-16F7-4668-BE54-9A1E7A4F7556}") = "Hafner.Compatibility.NullableReferenceTypeAttributes.G3", "Hafner.Compatibility.NullableReferenceTypeAttributes.G3\Hafner.Compatibility.NullableReferenceTypeAttributes.G3.csproj", "{50D937CA-2609-4C6D-8036-E310CE026481}"
EndProject
Project("{9A19103F-16F7-4668-BE54-9A1E7A4F7556}") = "Hafner.Compatibility.GuidAttribute", "Hafner.Compatibility.GuidAttribute\Hafner.Compatibility.GuidAttribute.csproj", "{2A4DB342-4D4E-475A-9987-F4A7543D8CC7}"
EndProject
Project("{9A19103F-16F7-4668-BE54-9A1E7A4F7556}") = "Hafner.Compatibility.ExtensionAttribute", "Hafner.Compatibility.ExtensionAttribute\Hafner.Compatibility.ExtensionAttribute.csproj", "{1AEB37CE-95CD-4F00-801A-0B696EF83A3E}"
EndProject
Project("{9A19103F-16F7-4668-BE54-9A1E7A4F7556}") = "Hafner.Compatibility.FuncAction.G2", "Hafner.Compatibility.FuncAction.G2\Hafner.Compatibility.FuncAction.G2.csproj", "{61A8C9A4-FB29-4CE5-B30F-9D127B720AAE}"
EndProject
Project("{9A19103F-16F7-4668-BE54-9A1E7A4F7556}") = "Hafner.Compatibility.FuncAction.G3", "Hafner.Compatibility.FuncAction.G3\Hafner.Compatibility.FuncAction.G3.csproj", "{D4787984-54BB-42F1-9944-53A9D47034E0}"
EndProject
Project("{FAE04EC0-301F-11D3-BF4B-00C04F79EFBC}") = "Hafner.Compatibility.DynamicallyAccessedMembersAttribute", "Hafner.Compatibility.DynamicallyAccessedMembersAttribute\Hafner.Compatibility.DynamicallyAccessedMembersAttribute.csproj", "{884C7C31-87BD-4F49-9CCF-5EE2913BE3E1}"
EndProject
Project("{FAE04EC0-301F-11D3-BF4B-00C04F79EFBC}") = "Hafner.Compatibility.LoaderOptimizationAttribute", "Hafner.Compatibility.LoaderOptimizationAttribute\Hafner.Compatibility.LoaderOptimizationAttribute.csproj", "{93D7B435-94FE-463A-A221-34E7C543036B}"
EndProject
Project("{FAE04EC0-301F-11D3-BF4B-00C04F79EFBC}") = "Hafner.Compatibility.ExcludeFromCodeCoverageAttribute", "Hafner.Compatibility.ExcludeFromCodeCoverageAttribute\Hafner.Compatibility.ExcludeFromCodeCoverageAttribute.csproj", "{4AEE75DD-4E23-4F75-8E4D-BD28B800156D}"
EndProject
Project("{FAE04EC0-301F-11D3-BF4B-00C04F79EFBC}") = "Hafner.Compatibility.ExperimentalAttribute", "Hafner.Compatibility.ExperimentalAttribute\Hafner.Compatibility.ExperimentalAttribute.csproj", "{03A6D908-4DB1-4185-B8A1-08B933306D92}"
EndProject
Project("{FAE04EC0-301F-11D3-BF4B-00C04F79EFBC}") = "Hafner.Compatibility.FeatureGuardAttribute", "Hafner.Compatibility.FeatureGuardAttribute\Hafner.Compatibility.FeatureGuardAttribute.csproj", "{5823654C-32B4-461A-82EE-6216CC37BA45}"
EndProject
Global
	GlobalSection(SolutionConfigurationPlatforms) = preSolution
		Debug|Any CPU = Debug|Any CPU
		NuGet|Any CPU = NuGet|Any CPU
		Release|Any CPU = Release|Any CPU
	EndGlobalSection
	GlobalSection(ProjectConfigurationPlatforms) = postSolution
		{3D2B9DFD-26C5-4DF2-956D-2FC5ACC80F3E}.Debug|Any CPU.ActiveCfg = Debug|Any CPU
		{3D2B9DFD-26C5-4DF2-956D-2FC5ACC80F3E}.Debug|Any CPU.Build.0 = Debug|Any CPU
		{3D2B9DFD-26C5-4DF2-956D-2FC5ACC80F3E}.NuGet|Any CPU.ActiveCfg = NuGet|Any CPU
		{3D2B9DFD-26C5-4DF2-956D-2FC5ACC80F3E}.NuGet|Any CPU.Build.0 = NuGet|Any CPU
		{3D2B9DFD-26C5-4DF2-956D-2FC5ACC80F3E}.Release|Any CPU.ActiveCfg = Release|Any CPU
		{3D2B9DFD-26C5-4DF2-956D-2FC5ACC80F3E}.Release|Any CPU.Build.0 = Release|Any CPU
		{D4D9BE03-E1CA-47AF-B9DB-1BBDEA01C63A}.Debug|Any CPU.ActiveCfg = Debug|Any CPU
		{D4D9BE03-E1CA-47AF-B9DB-1BBDEA01C63A}.Debug|Any CPU.Build.0 = Debug|Any CPU
		{D4D9BE03-E1CA-47AF-B9DB-1BBDEA01C63A}.NuGet|Any CPU.ActiveCfg = NuGet|Any CPU
		{D4D9BE03-E1CA-47AF-B9DB-1BBDEA01C63A}.NuGet|Any CPU.Build.0 = NuGet|Any CPU
		{D4D9BE03-E1CA-47AF-B9DB-1BBDEA01C63A}.Release|Any CPU.ActiveCfg = Release|Any CPU
		{D4D9BE03-E1CA-47AF-B9DB-1BBDEA01C63A}.Release|Any CPU.Build.0 = Release|Any CPU
		{E5637283-2B36-4380-BDD9-9CA7603774D3}.Debug|Any CPU.ActiveCfg = Debug|Any CPU
		{E5637283-2B36-4380-BDD9-9CA7603774D3}.Debug|Any CPU.Build.0 = Debug|Any CPU
		{E5637283-2B36-4380-BDD9-9CA7603774D3}.NuGet|Any CPU.ActiveCfg = NuGet|Any CPU
		{E5637283-2B36-4380-BDD9-9CA7603774D3}.NuGet|Any CPU.Build.0 = NuGet|Any CPU
		{E5637283-2B36-4380-BDD9-9CA7603774D3}.Release|Any CPU.ActiveCfg = Release|Any CPU
		{E5637283-2B36-4380-BDD9-9CA7603774D3}.Release|Any CPU.Build.0 = Release|Any CPU
		{50D937CA-2609-4C6D-8036-E310CE026481}.Debug|Any CPU.ActiveCfg = Debug|Any CPU
		{50D937CA-2609-4C6D-8036-E310CE026481}.Debug|Any CPU.Build.0 = Debug|Any CPU
		{50D937CA-2609-4C6D-8036-E310CE026481}.NuGet|Any CPU.ActiveCfg = NuGet|Any CPU
		{50D937CA-2609-4C6D-8036-E310CE026481}.NuGet|Any CPU.Build.0 = NuGet|Any CPU
		{50D937CA-2609-4C6D-8036-E310CE026481}.Release|Any CPU.ActiveCfg = Release|Any CPU
		{50D937CA-2609-4C6D-8036-E310CE026481}.Release|Any CPU.Build.0 = Release|Any CPU
		{2A4DB342-4D4E-475A-9987-F4A7543D8CC7}.Debug|Any CPU.ActiveCfg = Debug|Any CPU
		{2A4DB342-4D4E-475A-9987-F4A7543D8CC7}.Debug|Any CPU.Build.0 = Debug|Any CPU
		{2A4DB342-4D4E-475A-9987-F4A7543D8CC7}.NuGet|Any CPU.ActiveCfg = NuGet|Any CPU
		{2A4DB342-4D4E-475A-9987-F4A7543D8CC7}.NuGet|Any CPU.Build.0 = NuGet|Any CPU
		{2A4DB342-4D4E-475A-9987-F4A7543D8CC7}.Release|Any CPU.ActiveCfg = Release|Any CPU
		{2A4DB342-4D4E-475A-9987-F4A7543D8CC7}.Release|Any CPU.Build.0 = Release|Any CPU
		{1AEB37CE-95CD-4F00-801A-0B696EF83A3E}.Debug|Any CPU.ActiveCfg = Debug|Any CPU
		{1AEB37CE-95CD-4F00-801A-0B696EF83A3E}.Debug|Any CPU.Build.0 = Debug|Any CPU
		{1AEB37CE-95CD-4F00-801A-0B696EF83A3E}.NuGet|Any CPU.ActiveCfg = NuGet|Any CPU
		{1AEB37CE-95CD-4F00-801A-0B696EF83A3E}.NuGet|Any CPU.Build.0 = NuGet|Any CPU
		{1AEB37CE-95CD-4F00-801A-0B696EF83A3E}.Release|Any CPU.ActiveCfg = Release|Any CPU
		{1AEB37CE-95CD-4F00-801A-0B696EF83A3E}.Release|Any CPU.Build.0 = Release|Any CPU
		{61A8C9A4-FB29-4CE5-B30F-9D127B720AAE}.Debug|Any CPU.ActiveCfg = Debug|Any CPU
		{61A8C9A4-FB29-4CE5-B30F-9D127B720AAE}.Debug|Any CPU.Build.0 = Debug|Any CPU
		{61A8C9A4-FB29-4CE5-B30F-9D127B720AAE}.NuGet|Any CPU.ActiveCfg = NuGet|Any CPU
		{61A8C9A4-FB29-4CE5-B30F-9D127B720AAE}.NuGet|Any CPU.Build.0 = NuGet|Any CPU
		{61A8C9A4-FB29-4CE5-B30F-9D127B720AAE}.Release|Any CPU.ActiveCfg = Release|Any CPU
		{61A8C9A4-FB29-4CE5-B30F-9D127B720AAE}.Release|Any CPU.Build.0 = Release|Any CPU
		{D4787984-54BB-42F1-9944-53A9D47034E0}.Debug|Any CPU.ActiveCfg = Debug|Any CPU
		{D4787984-54BB-42F1-9944-53A9D47034E0}.Debug|Any CPU.Build.0 = Debug|Any CPU
		{D4787984-54BB-42F1-9944-53A9D47034E0}.NuGet|Any CPU.ActiveCfg = NuGet|Any CPU
		{D4787984-54BB-42F1-9944-53A9D47034E0}.NuGet|Any CPU.Build.0 = NuGet|Any CPU
		{D4787984-54BB-42F1-9944-53A9D47034E0}.Release|Any CPU.ActiveCfg = Release|Any CPU
		{D4787984-54BB-42F1-9944-53A9D47034E0}.Release|Any CPU.Build.0 = Release|Any CPU
		{884C7C31-87BD-4F49-9CCF-5EE2913BE3E1}.Debug|Any CPU.ActiveCfg = Debug|Any CPU
		{884C7C31-87BD-4F49-9CCF-5EE2913BE3E1}.Debug|Any CPU.Build.0 = Debug|Any CPU
		{884C7C31-87BD-4F49-9CCF-5EE2913BE3E1}.NuGet|Any CPU.ActiveCfg = NuGet|Any CPU
		{884C7C31-87BD-4F49-9CCF-5EE2913BE3E1}.NuGet|Any CPU.Build.0 = NuGet|Any CPU
		{884C7C31-87BD-4F49-9CCF-5EE2913BE3E1}.Release|Any CPU.ActiveCfg = Release|Any CPU
		{884C7C31-87BD-4F49-9CCF-5EE2913BE3E1}.Release|Any CPU.Build.0 = Release|Any CPU
		{93D7B435-94FE-463A-A221-34E7C543036B}.Debug|Any CPU.ActiveCfg = Debug|Any CPU
		{93D7B435-94FE-463A-A221-34E7C543036B}.Debug|Any CPU.Build.0 = Debug|Any CPU
		{93D7B435-94FE-463A-A221-34E7C543036B}.NuGet|Any CPU.ActiveCfg = NuGet|Any CPU
		{93D7B435-94FE-463A-A221-34E7C543036B}.NuGet|Any CPU.Build.0 = NuGet|Any CPU
		{93D7B435-94FE-463A-A221-34E7C543036B}.Release|Any CPU.ActiveCfg = Release|Any CPU
		{93D7B435-94FE-463A-A221-34E7C543036B}.Release|Any CPU.Build.0 = Release|Any CPU
		{4AEE75DD-4E23-4F75-8E4D-BD28B800156D}.Debug|Any CPU.ActiveCfg = Debug|Any CPU
		{4AEE75DD-4E23-4F75-8E4D-BD28B800156D}.Debug|Any CPU.Build.0 = Debug|Any CPU
		{4AEE75DD-4E23-4F75-8E4D-BD28B800156D}.NuGet|Any CPU.ActiveCfg = NuGet|Any CPU
		{4AEE75DD-4E23-4F75-8E4D-BD28B800156D}.NuGet|Any CPU.Build.0 = NuGet|Any CPU
		{4AEE75DD-4E23-4F75-8E4D-BD28B800156D}.Release|Any CPU.ActiveCfg = Release|Any CPU
		{4AEE75DD-4E23-4F75-8E4D-BD28B800156D}.Release|Any CPU.Build.0 = Release|Any CPU
		{03A6D908-4DB1-4185-B8A1-08B933306D92}.Debug|Any CPU.ActiveCfg = Debug|Any CPU
		{03A6D908-4DB1-4185-B8A1-08B933306D92}.Debug|Any CPU.Build.0 = Debug|Any CPU
		{03A6D908-4DB1-4185-B8A1-08B933306D92}.NuGet|Any CPU.ActiveCfg = NuGet|Any CPU
		{03A6D908-4DB1-4185-B8A1-08B933306D92}.NuGet|Any CPU.Build.0 = NuGet|Any CPU
		{03A6D908-4DB1-4185-B8A1-08B933306D92}.Release|Any CPU.ActiveCfg = Release|Any CPU
		{03A6D908-4DB1-4185-B8A1-08B933306D92}.Release|Any CPU.Build.0 = Release|Any CPU
		{5823654C-32B4-461A-82EE-6216CC37BA45}.Debug|Any CPU.ActiveCfg = Debug|Any CPU
		{5823654C-32B4-461A-82EE-6216CC37BA45}.Debug|Any CPU.Build.0 = Debug|Any CPU
		{5823654C-32B4-461A-82EE-6216CC37BA45}.NuGet|Any CPU.ActiveCfg = Debug|Any CPU
		{5823654C-32B4-461A-82EE-6216CC37BA45}.NuGet|Any CPU.Build.0 = Debug|Any CPU
		{5823654C-32B4-461A-82EE-6216CC37BA45}.Release|Any CPU.ActiveCfg = Release|Any CPU
		{5823654C-32B4-461A-82EE-6216CC37BA45}.Release|Any CPU.Build.0 = Release|Any CPU
	EndGlobalSection
	GlobalSection(SolutionProperties) = preSolution
		HideSolutionNode = FALSE
	EndGlobalSection
	GlobalSection(ExtensibilityGlobals) = postSolution
		SolutionGuid = {31E26369-0199-4CAA-AFC5-BA9638791B1D}
	EndGlobalSection
EndGlobal
